
Microsoft Visual Studio Solution File, Format Version 12.00
# Visual Studio Version 17
VisualStudioVersion = 17.3.32804.467
MinimumVisualStudioVersion = 10.0.40219.1
Project("{FAE04EC0-301F-11D3-BF4B-00C04F79EFBC}") = "freefire-anti-cheat", "freefire-anti-cheat\freefire-anti-cheat.csproj", "{E7BB954B-67A0-4FA4-8448-9486B4AD9395}"
EndProject
Global
	GlobalSection(SolutionConfigurationPlatforms) = preSolution
		Debug|Any CPU = Debug|Any CPU
		Release|Any CPU = Release|Any CPU
	EndGlobalSection
	GlobalSection(ProjectConfigurationPlatforms) = postSolution
		{E7BB954B-67A0-4FA4-8448-9486B4AD9395}.Debug|Any CPU.ActiveCfg = Debug|Any CPU
		{E7BB954B-67A0-4FA4-8448-9486B4AD9395}.Debug|Any CPU.Build.0 = Debug|Any CPU
		{E7BB954B-67A0-4FA4-8448-9486B4AD9395}.Release|Any CPU.ActiveCfg = Release|Any CPU
		{E7BB954B-67A0-4FA4-8448-9486B4AD9395}.Release|Any CPU.Build.0 = Release|Any CPU
	EndGlobalSection
	GlobalSection(SolutionProperties) = preSolution
		HideSolutionNode = FALSE
	EndGlobalSection
	GlobalSection(ExtensibilityGlobals) = postSolution
		SolutionGuid = {8D41A61B-7103-4655-ACBB-D3B1DAD2A7CE}
	EndGlobalSection
EndGlobal
